// !$*UTF8*$!
{
	archiveVersion = 1;
	classes = {
	};
	objectVersion = 50;
	objects = {

/* Begin PBXBuildFile section */
		19DFE9E720D8F64F007ECA32 /* AppDelegate.swift in Sources */ = {isa = PBXBuildFile; fileRef = 19DFE9E620D8F64F007ECA32 /* AppDelegate.swift */; };
		19DFE9E920D8F64F007ECA32 /* ViewController.swift in Sources */ = {isa = PBXBuildFile; fileRef = 19DFE9E820D8F64F007ECA32 /* ViewController.swift */; };
		19DFE9EC20D8F64F007ECA32 /* Main.storyboard in Resources */ = {isa = PBXBuildFile; fileRef = 19DFE9EA20D8F64F007ECA32 /* Main.storyboard */; };
		19DFE9EE20D8F651007ECA32 /* Assets.xcassets in Resources */ = {isa = PBXBuildFile; fileRef = 19DFE9ED20D8F651007ECA32 /* Assets.xcassets */; };
		19DFE9F120D8F651007ECA32 /* LaunchScreen.storyboard in Resources */ = {isa = PBXBuildFile; fileRef = 19DFE9EF20D8F651007ECA32 /* LaunchScreen.storyboard */; };
		19DFEA0520D8F6BD007ECA32 /* DrawingCanvasView.swift in Sources */ = {isa = PBXBuildFile; fileRef = 19DFE9F920D8F6BC007ECA32 /* DrawingCanvasView.swift */; };
		19DFEA0620D8F6BD007ECA32 /* CHContentViewController.swift in Sources */ = {isa = PBXBuildFile; fileRef = 19DFE9FA20D8F6BC007ECA32 /* CHContentViewController.swift */; };
		19DFEA0720D8F6BD007ECA32 /* NavigationControllers.swift in Sources */ = {isa = PBXBuildFile; fileRef = 19DFE9FB20D8F6BC007ECA32 /* NavigationControllers.swift */; };
		19DFEA0820D8F6BD007ECA32 /* CHPagingScrollViewController.swift in Sources */ = {isa = PBXBuildFile; fileRef = 19DFE9FC20D8F6BC007ECA32 /* CHPagingScrollViewController.swift */; };
		19DFEA0920D8F6BD007ECA32 /* CHViews.swift in Sources */ = {isa = PBXBuildFile; fileRef = 19DFE9FD20D8F6BC007ECA32 /* CHViews.swift */; };
		19DFEA0A20D8F6BD007ECA32 /* CHPickerViewController.swift in Sources */ = {isa = PBXBuildFile; fileRef = 19DFE9FE20D8F6BC007ECA32 /* CHPickerViewController.swift */; };
		19DFEA0B20D8F6BD007ECA32 /* SwipeActionTableViewCell.swift in Sources */ = {isa = PBXBuildFile; fileRef = 19DFE9FF20D8F6BC007ECA32 /* SwipeActionTableViewCell.swift */; };
		19DFEA0C20D8F6BD007ECA32 /* FIlters.swift in Sources */ = {isa = PBXBuildFile; fileRef = 19DFEA0020D8F6BC007ECA32 /* FIlters.swift */; };
		19DFEA0D20D8F6BD007ECA32 /* CHTableViewControllers.swift in Sources */ = {isa = PBXBuildFile; fileRef = 19DFEA0120D8F6BC007ECA32 /* CHTableViewControllers.swift */; };
		19DFEA0E20D8F6BD007ECA32 /* CHModalViewController.swift in Sources */ = {isa = PBXBuildFile; fileRef = 19DFEA0220D8F6BC007ECA32 /* CHModalViewController.swift */; };
		19DFEA0F20D8F6BD007ECA32 /* CHControls.swift in Sources */ = {isa = PBXBuildFile; fileRef = 19DFEA0320D8F6BC007ECA32 /* CHControls.swift */; };
		19DFEA1020D8F6BD007ECA32 /* RecordButton.swift in Sources */ = {isa = PBXBuildFile; fileRef = 19DFEA0420D8F6BC007ECA32 /* RecordButton.swift */; };
		19DFEA1220D8FFF3007ECA32 /* UIViewController+Navigation.swift in Sources */ = {isa = PBXBuildFile; fileRef = 19DFEA1120D8FFF3007ECA32 /* UIViewController+Navigation.swift */; };
/* End PBXBuildFile section */

/* Begin PBXCopyFilesBuildPhase section */
		19DFEA2D20D91319007ECA32 /* Embed Frameworks */ = {
			isa = PBXCopyFilesBuildPhase;
			buildActionMask = 2147483647;
			dstPath = "";
			dstSubfolderSpec = 10;
			files = (
			);
			name = "Embed Frameworks";
			runOnlyForDeploymentPostprocessing = 0;
		};
/* End PBXCopyFilesBuildPhase section */

/* Begin PBXFileReference section */
		19DFE9E320D8F64F007ECA32 /* CCBS.app */ = {isa = PBXFileReference; explicitFileType = wrapper.application; includeInIndex = 0; path = CCBS.app; sourceTree = BUILT_PRODUCTS_DIR; };
		19DFE9E620D8F64F007ECA32 /* AppDelegate.swift */ = {isa = PBXFileReference; lastKnownFileType = sourcecode.swift; path = AppDelegate.swift; sourceTree = "<group>"; };
		19DFE9E820D8F64F007ECA32 /* ViewController.swift */ = {isa = PBXFileReference; lastKnownFileType = sourcecode.swift; path = ViewController.swift; sourceTree = "<group>"; };
		19DFE9EB20D8F64F007ECA32 /* Base */ = {isa = PBXFileReference; lastKnownFileType = file.storyboard; name = Base; path = Base.lproj/Main.storyboard; sourceTree = "<group>"; };
		19DFE9ED20D8F651007ECA32 /* Assets.xcassets */ = {isa = PBXFileReference; lastKnownFileType = folder.assetcatalog; path = Assets.xcassets; sourceTree = "<group>"; };
		19DFE9F020D8F651007ECA32 /* Base */ = {isa = PBXFileReference; lastKnownFileType = file.storyboard; name = Base; path = Base.lproj/LaunchScreen.storyboard; sourceTree = "<group>"; };
		19DFE9F220D8F651007ECA32 /* Info.plist */ = {isa = PBXFileReference; lastKnownFileType = text.plist.xml; path = Info.plist; sourceTree = "<group>"; };
		19DFE9F920D8F6BC007ECA32 /* DrawingCanvasView.swift */ = {isa = PBXFileReference; fileEncoding = 4; lastKnownFileType = sourcecode.swift; path = DrawingCanvasView.swift; sourceTree = "<group>"; };
		19DFE9FA20D8F6BC007ECA32 /* CHContentViewController.swift */ = {isa = PBXFileReference; fileEncoding = 4; lastKnownFileType = sourcecode.swift; path = CHContentViewController.swift; sourceTree = "<group>"; };
		19DFE9FB20D8F6BC007ECA32 /* NavigationControllers.swift */ = {isa = PBXFileReference; fileEncoding = 4; lastKnownFileType = sourcecode.swift; path = NavigationControllers.swift; sourceTree = "<group>"; };
		19DFE9FC20D8F6BC007ECA32 /* CHPagingScrollViewController.swift */ = {isa = PBXFileReference; fileEncoding = 4; lastKnownFileType = sourcecode.swift; path = CHPagingScrollViewController.swift; sourceTree = "<group>"; };
		19DFE9FD20D8F6BC007ECA32 /* CHViews.swift */ = {isa = PBXFileReference; fileEncoding = 4; lastKnownFileType = sourcecode.swift; path = CHViews.swift; sourceTree = "<group>"; };
		19DFE9FE20D8F6BC007ECA32 /* CHPickerViewController.swift */ = {isa = PBXFileReference; fileEncoding = 4; lastKnownFileType = sourcecode.swift; path = CHPickerViewController.swift; sourceTree = "<group>"; };
		19DFE9FF20D8F6BC007ECA32 /* SwipeActionTableViewCell.swift */ = {isa = PBXFileReference; fileEncoding = 4; lastKnownFileType = sourcecode.swift; path = SwipeActionTableViewCell.swift; sourceTree = "<group>"; };
		19DFEA0020D8F6BC007ECA32 /* FIlters.swift */ = {isa = PBXFileReference; fileEncoding = 4; lastKnownFileType = sourcecode.swift; path = FIlters.swift; sourceTree = "<group>"; };
		19DFEA0120D8F6BC007ECA32 /* CHTableViewControllers.swift */ = {isa = PBXFileReference; fileEncoding = 4; lastKnownFileType = sourcecode.swift; path = CHTableViewControllers.swift; sourceTree = "<group>"; };
		19DFEA0220D8F6BC007ECA32 /* CHModalViewController.swift */ = {isa = PBXFileReference; fileEncoding = 4; lastKnownFileType = sourcecode.swift; path = CHModalViewController.swift; sourceTree = "<group>"; };
		19DFEA0320D8F6BC007ECA32 /* CHControls.swift */ = {isa = PBXFileReference; fileEncoding = 4; lastKnownFileType = sourcecode.swift; path = CHControls.swift; sourceTree = "<group>"; };
		19DFEA0420D8F6BC007ECA32 /* RecordButton.swift */ = {isa = PBXFileReference; fileEncoding = 4; lastKnownFileType = sourcecode.swift; path = RecordButton.swift; sourceTree = "<group>"; };
		19DFEA1120D8FFF3007ECA32 /* UIViewController+Navigation.swift */ = {isa = PBXFileReference; fileEncoding = 4; lastKnownFileType = sourcecode.swift; path = "UIViewController+Navigation.swift"; sourceTree = "<group>"; };
/* End PBXFileReference section */

/* Begin PBXFrameworksBuildPhase section */
		19DFE9E020D8F64F007ECA32 /* Frameworks */ = {
			isa = PBXFrameworksBuildPhase;
			buildActionMask = 2147483647;
			files = (
			);
			runOnlyForDeploymentPostprocessing = 0;
		};
/* End PBXFrameworksBuildPhase section */

/* Begin PBXGroup section */
		19DFE9DA20D8F64F007ECA32 = {
			isa = PBXGroup;
			children = (
				19DFE9F820D8F6BC007ECA32 /* PilotPlant */,
				19DFE9E520D8F64F007ECA32 /* CCBS */,
				19DFE9E420D8F64F007ECA32 /* Products */,
			);
			sourceTree = "<group>";
		};
		19DFE9E420D8F64F007ECA32 /* Products */ = {
			isa = PBXGroup;
			children = (
				19DFE9E320D8F64F007ECA32 /* CCBS.app */,
			);
			name = Products;
			sourceTree = "<group>";
		};
		19DFE9E520D8F64F007ECA32 /* CCBS */ = {
			isa = PBXGroup;
			children = (
				19DFE9E620D8F64F007ECA32 /* AppDelegate.swift */,
				19DFE9E820D8F64F007ECA32 /* ViewController.swift */,
				19DFE9EA20D8F64F007ECA32 /* Main.storyboard */,
				19DFE9ED20D8F651007ECA32 /* Assets.xcassets */,
				19DFE9EF20D8F651007ECA32 /* LaunchScreen.storyboard */,
				19DFE9F220D8F651007ECA32 /* Info.plist */,
			);
			path = CCBS;
			sourceTree = "<group>";
		};
		19DFE9F820D8F6BC007ECA32 /* PilotPlant */ = {
			isa = PBXGroup;
			children = (
				19DFEA1120D8FFF3007ECA32 /* UIViewController+Navigation.swift */,
				19DFE9F920D8F6BC007ECA32 /* DrawingCanvasView.swift */,
				19DFE9FA20D8F6BC007ECA32 /* CHContentViewController.swift */,
				19DFE9FB20D8F6BC007ECA32 /* NavigationControllers.swift */,
				19DFE9FC20D8F6BC007ECA32 /* CHPagingScrollViewController.swift */,
				19DFE9FD20D8F6BC007ECA32 /* CHViews.swift */,
				19DFE9FE20D8F6BC007ECA32 /* CHPickerViewController.swift */,
				19DFE9FF20D8F6BC007ECA32 /* SwipeActionTableViewCell.swift */,
				19DFEA0020D8F6BC007ECA32 /* FIlters.swift */,
				19DFEA0120D8F6BC007ECA32 /* CHTableViewControllers.swift */,
				19DFEA0220D8F6BC007ECA32 /* CHModalViewController.swift */,
				19DFEA0320D8F6BC007ECA32 /* CHControls.swift */,
				19DFEA0420D8F6BC007ECA32 /* RecordButton.swift */,
			);
			name = PilotPlant;
			path = ../PilotPlant;
			sourceTree = "<group>";
		};
/* End PBXGroup section */

/* Begin PBXNativeTarget section */
		19DFE9E220D8F64F007ECA32 /* CCBS */ = {
			isa = PBXNativeTarget;
			buildConfigurationList = 19DFE9F520D8F651007ECA32 /* Build configuration list for PBXNativeTarget "CCBS" */;
			buildPhases = (
				19DFE9DF20D8F64F007ECA32 /* Sources */,
				19DFE9E020D8F64F007ECA32 /* Frameworks */,
				19DFE9E120D8F64F007ECA32 /* Resources */,
				19DFEA2D20D91319007ECA32 /* Embed Frameworks */,
			);
			buildRules = (
			);
			dependencies = (
			);
			name = CCBS;
			productName = CCBS;
			productReference = 19DFE9E320D8F64F007ECA32 /* CCBS.app */;
			productType = "com.apple.product-type.application";
		};
/* End PBXNativeTarget section */

/* Begin PBXProject section */
		19DFE9DB20D8F64F007ECA32 /* Project object */ = {
			isa = PBXProject;
			attributes = {
				LastSwiftUpdateCheck = 0940;
				LastUpgradeCheck = 0940;
				ORGANIZATIONNAME = "박은정";
				TargetAttributes = {
					19DFE9E220D8F64F007ECA32 = {
						CreatedOnToolsVersion = 9.4.1;
					};
				};
			};
			buildConfigurationList = 19DFE9DE20D8F64F007ECA32 /* Build configuration list for PBXProject "CCBS" */;
			compatibilityVersion = "Xcode 9.3";
			developmentRegion = en;
			hasScannedForEncodings = 0;
			knownRegions = (
				en,
				Base,
			);
			mainGroup = 19DFE9DA20D8F64F007ECA32;
			productRefGroup = 19DFE9E420D8F64F007ECA32 /* Products */;
			projectDirPath = "";
			projectRoot = "";
			targets = (
				19DFE9E220D8F64F007ECA32 /* CCBS */,
			);
		};
/* End PBXProject section */

/* Begin PBXResourcesBuildPhase section */
		19DFE9E120D8F64F007ECA32 /* Resources */ = {
			isa = PBXResourcesBuildPhase;
			buildActionMask = 2147483647;
			files = (
				19DFE9F120D8F651007ECA32 /* LaunchScreen.storyboard in Resources */,
				19DFE9EE20D8F651007ECA32 /* Assets.xcassets in Resources */,
				19DFE9EC20D8F64F007ECA32 /* Main.storyboard in Resources */,
			);
			runOnlyForDeploymentPostprocessing = 0;
		};
/* End PBXResourcesBuildPhase section */

/* Begin PBXSourcesBuildPhase section */
		19DFE9DF20D8F64F007ECA32 /* Sources */ = {
			isa = PBXSourcesBuildPhase;
			buildActionMask = 2147483647;
			files = (
				19DFEA0B20D8F6BD007ECA32 /* SwipeActionTableViewCell.swift in Sources */,
				19DFEA0D20D8F6BD007ECA32 /* CHTableViewControllers.swift in Sources */,
				19DFE9E920D8F64F007ECA32 /* ViewController.swift in Sources */,
				19DFEA0620D8F6BD007ECA32 /* CHContentViewController.swift in Sources */,
				19DFEA0720D8F6BD007ECA32 /* NavigationControllers.swift in Sources */,
				19DFEA0E20D8F6BD007ECA32 /* CHModalViewController.swift in Sources */,
				19DFEA1220D8FFF3007ECA32 /* UIViewController+Navigation.swift in Sources */,
				19DFEA0920D8F6BD007ECA32 /* CHViews.swift in Sources */,
				19DFE9E720D8F64F007ECA32 /* AppDelegate.swift in Sources */,
				19DFEA0820D8F6BD007ECA32 /* CHPagingScrollViewController.swift in Sources */,
				19DFEA0C20D8F6BD007ECA32 /* FIlters.swift in Sources */,
				19DFEA1020D8F6BD007ECA32 /* RecordButton.swift in Sources */,
				19DFEA0F20D8F6BD007ECA32 /* CHControls.swift in Sources */,
				19DFEA0520D8F6BD007ECA32 /* DrawingCanvasView.swift in Sources */,
				19DFEA0A20D8F6BD007ECA32 /* CHPickerViewController.swift in Sources */,
			);
			runOnlyForDeploymentPostprocessing = 0;
		};
/* End PBXSourcesBuildPhase section */

/* Begin PBXVariantGroup section */
		19DFE9EA20D8F64F007ECA32 /* Main.storyboard */ = {
			isa = PBXVariantGroup;
			children = (
				19DFE9EB20D8F64F007ECA32 /* Base */,
			);
			name = Main.storyboard;
			sourceTree = "<group>";
		};
		19DFE9EF20D8F651007ECA32 /* LaunchScreen.storyboard */ = {
			isa = PBXVariantGroup;
			children = (
				19DFE9F020D8F651007ECA32 /* Base */,
			);
			name = LaunchScreen.storyboard;
			sourceTree = "<group>";
		};
/* End PBXVariantGroup section */

/* Begin XCBuildConfiguration section */
		19DFE9F320D8F651007ECA32 /* Debug */ = {
			isa = XCBuildConfiguration;
			buildSettings = {
				ALWAYS_SEARCH_USER_PATHS = NO;
				CLANG_ANALYZER_NONNULL = YES;
				CLANG_ANALYZER_NUMBER_OBJECT_CONVERSION = YES_AGGRESSIVE;
				CLANG_CXX_LANGUAGE_STANDARD = "gnu++14";
				CLANG_CXX_LIBRARY = "libc++";
				CLANG_ENABLE_MODULES = YES;
				CLANG_ENABLE_OBJC_ARC = YES;
				CLANG_ENABLE_OBJC_WEAK = YES;
				CLANG_WARN_BLOCK_CAPTURE_AUTORELEASING = YES;
				CLANG_WARN_BOOL_CONVERSION = YES;
				CLANG_WARN_COMMA = YES;
				CLANG_WARN_CONSTANT_CONVERSION = YES;
				CLANG_WARN_DEPRECATED_OBJC_IMPLEMENTATIONS = YES;
				CLANG_WARN_DIRECT_OBJC_ISA_USAGE = YES_ERROR;
				CLANG_WARN_DOCUMENTATION_COMMENTS = YES;
				CLANG_WARN_EMPTY_BODY = YES;
				CLANG_WARN_ENUM_CONVERSION = YES;
				CLANG_WARN_INFINITE_RECURSION = YES;
				CLANG_WARN_INT_CONVERSION = YES;
				CLANG_WARN_NON_LITERAL_NULL_CONVERSION = YES;
				CLANG_WARN_OBJC_IMPLICIT_RETAIN_SELF = YES;
				CLANG_WARN_OBJC_LITERAL_CONVERSION = YES;
				CLANG_WARN_OBJC_ROOT_CLASS = YES_ERROR;
				CLANG_WARN_RANGE_LOOP_ANALYSIS = YES;
				CLANG_WARN_STRICT_PROTOTYPES = YES;
				CLANG_WARN_SUSPICIOUS_MOVE = YES;
				CLANG_WARN_UNGUARDED_AVAILABILITY = YES_AGGRESSIVE;
				CLANG_WARN_UNREACHABLE_CODE = YES;
				CLANG_WARN__DUPLICATE_METHOD_MATCH = YES;
				CODE_SIGN_IDENTITY = "iPhone Developer";
				COPY_PHASE_STRIP = NO;
				DEBUG_INFORMATION_FORMAT = dwarf;
				ENABLE_BITCODE = NO;
				ENABLE_STRICT_OBJC_MSGSEND = YES;
				ENABLE_TESTABILITY = YES;
				GCC_C_LANGUAGE_STANDARD = gnu11;
				GCC_DYNAMIC_NO_PIC = NO;
				GCC_NO_COMMON_BLOCKS = YES;
				GCC_OPTIMIZATION_LEVEL = 0;
				GCC_PREPROCESSOR_DEFINITIONS = (
					"DEBUG=1",
					"$(inherited)",
				);
				GCC_WARN_64_TO_32_BIT_CONVERSION = YES;
				GCC_WARN_ABOUT_RETURN_TYPE = YES_ERROR;
				GCC_WARN_UNDECLARED_SELECTOR = YES;
				GCC_WARN_UNINITIALIZED_AUTOS = YES_AGGRESSIVE;
				GCC_WARN_UNUSED_FUNCTION = YES;
				GCC_WARN_UNUSED_VARIABLE = YES;
				IPHONEOS_DEPLOYMENT_TARGET = 11.4;
				MTL_ENABLE_DEBUG_INFO = YES;
				ONLY_ACTIVE_ARCH = YES;
				SDKROOT = iphoneos;
				SWIFT_ACTIVE_COMPILATION_CONDITIONS = DEBUG;
				SWIFT_OPTIMIZATION_LEVEL = "-Onone";
			};
			name = Debug;
		};
		19DFE9F420D8F651007ECA32 /* Release */ = {
			isa = XCBuildConfiguration;
			buildSettings = {
				ALWAYS_SEARCH_USER_PATHS = NO;
				CLANG_ANALYZER_NONNULL = YES;
				CLANG_ANALYZER_NUMBER_OBJECT_CONVERSION = YES_AGGRESSIVE;
				CLANG_CXX_LANGUAGE_STANDARD = "gnu++14";
				CLANG_CXX_LIBRARY = "libc++";
				CLANG_ENABLE_MODULES = YES;
				CLANG_ENABLE_OBJC_ARC = YES;
				CLANG_ENABLE_OBJC_WEAK = YES;
				CLANG_WARN_BLOCK_CAPTURE_AUTORELEASING = YES;
				CLANG_WARN_BOOL_CONVERSION = YES;
				CLANG_WARN_COMMA = YES;
				CLANG_WARN_CONSTANT_CONVERSION = YES;
				CLANG_WARN_DEPRECATED_OBJC_IMPLEMENTATIONS = YES;
				CLANG_WARN_DIRECT_OBJC_ISA_USAGE = YES_ERROR;
				CLANG_WARN_DOCUMENTATION_COMMENTS = YES;
				CLANG_WARN_EMPTY_BODY = YES;
				CLANG_WARN_ENUM_CONVERSION = YES;
				CLANG_WARN_INFINITE_RECURSION = YES;
				CLANG_WARN_INT_CONVERSION = YES;
				CLANG_WARN_NON_LITERAL_NULL_CONVERSION = YES;
				CLANG_WARN_OBJC_IMPLICIT_RETAIN_SELF = YES;
				CLANG_WARN_OBJC_LITERAL_CONVERSION = YES;
				CLANG_WARN_OBJC_ROOT_CLASS = YES_ERROR;
				CLANG_WARN_RANGE_LOOP_ANALYSIS = YES;
				CLANG_WARN_STRICT_PROTOTYPES = YES;
				CLANG_WARN_SUSPICIOUS_MOVE = YES;
				CLANG_WARN_UNGUARDED_AVAILABILITY = YES_AGGRESSIVE;
				CLANG_WARN_UNREACHABLE_CODE = YES;
				CLANG_WARN__DUPLICATE_METHOD_MATCH = YES;
				CODE_SIGN_IDENTITY = "iPhone Developer";
				COPY_PHASE_STRIP = NO;
				DEBUG_INFORMATION_FORMAT = "dwarf-with-dsym";
				ENABLE_BITCODE = NO;
				ENABLE_NS_ASSERTIONS = NO;
				ENABLE_STRICT_OBJC_MSGSEND = YES;
				GCC_C_LANGUAGE_STANDARD = gnu11;
				GCC_NO_COMMON_BLOCKS = YES;
				GCC_WARN_64_TO_32_BIT_CONVERSION = YES;
				GCC_WARN_ABOUT_RETURN_TYPE = YES_ERROR;
				GCC_WARN_UNDECLARED_SELECTOR = YES;
				GCC_WARN_UNINITIALIZED_AUTOS = YES_AGGRESSIVE;
				GCC_WARN_UNUSED_FUNCTION = YES;
				GCC_WARN_UNUSED_VARIABLE = YES;
				IPHONEOS_DEPLOYMENT_TARGET = 11.4;
				MTL_ENABLE_DEBUG_INFO = NO;
				SDKROOT = iphoneos;
				SWIFT_COMPILATION_MODE = wholemodule;
				SWIFT_OPTIMIZATION_LEVEL = "-O";
				VALIDATE_PRODUCT = YES;
			};
			name = Release;
		};
		19DFE9F620D8F651007ECA32 /* Debug */ = {
			isa = XCBuildConfiguration;
			buildSettings = {
				ASSETCATALOG_COMPILER_APPICON_NAME = AppIcon;
				CODE_SIGN_STYLE = Automatic;
				DEVELOPMENT_TEAM = RZRMHXPLWH;
				INFOPLIST_FILE = CCBS/Info.plist;
				LD_RUNPATH_SEARCH_PATHS = (
					"$(inherited)",
					"@executable_path/Frameworks",
				);
				PRODUCT_BUNDLE_IDENTIFIER = io.github.ejolie.CCBS;
				PRODUCT_NAME = "$(TARGET_NAME)";
				SWIFT_VERSION = 4.0;
				TARGETED_DEVICE_FAMILY = "1,2";
			};
			name = Debug;
		};
		19DFE9F720D8F651007ECA32 /* Release */ = {
			isa = XCBuildConfiguration;
			buildSettings = {
				ASSETCATALOG_COMPILER_APPICON_NAME = AppIcon;
				CODE_SIGN_STYLE = Automatic;
				DEVELOPMENT_TEAM = RZRMHXPLWH;
				INFOPLIST_FILE = CCBS/Info.plist;
				LD_RUNPATH_SEARCH_PATHS = (
					"$(inherited)",
					"@executable_path/Frameworks",
				);
				PRODUCT_BUNDLE_IDENTIFIER = io.github.ejolie.CCBS;
				PRODUCT_NAME = "$(TARGET_NAME)";
				SWIFT_VERSION = 4.0;
				TARGETED_DEVICE_FAMILY = "1,2";
			};
			name = Release;
		};
/* End XCBuildConfiguration section */

/* Begin XCConfigurationList section */
		19DFE9DE20D8F64F007ECA32 /* Build configuration list for PBXProject "CCBS" */ = {
			isa = XCConfigurationList;
			buildConfigurations = (
				19DFE9F320D8F651007ECA32 /* Debug */,
				19DFE9F420D8F651007ECA32 /* Release */,
			);
			defaultConfigurationIsVisible = 0;
			defaultConfigurationName = Release;
		};
		19DFE9F520D8F651007ECA32 /* Build configuration list for PBXNativeTarget "CCBS" */ = {
			isa = XCConfigurationList;
			buildConfigurations = (
				19DFE9F620D8F651007ECA32 /* Debug */,
				19DFE9F720D8F651007ECA32 /* Release */,
			);
			defaultConfigurationIsVisible = 0;
			defaultConfigurationName = Release;
		};
/* End XCConfigurationList section */
	};
	rootObject = 19DFE9DB20D8F64F007ECA32 /* Project object */;
}
